
Microsoft Visual Studio Solution File, Format Version 12.00
# Visual Studio Version 17
VisualStudioVersion = 17.9.34723.18
MinimumVisualStudioVersion = 10.0.40219.1
Project("{FAE04EC0-301F-11D3-BF4B-00C04F79EFBC}") = "MvcCoreElastiCacheAWS", "MvcCoreElastiCacheAWS\MvcCoreElastiCacheAWS.csproj", "{69EABF11-E139-4F67-8FF4-809B18C69BFB}"
EndProject
Global
	GlobalSection(SolutionConfigurationPlatforms) = preSolution
		Debug|Any CPU = Debug|Any CPU
		Release|Any CPU = Release|Any CPU
	EndGlobalSection
	GlobalSection(ProjectConfigurationPlatforms) = postSolution
		{69EABF11-E139-4F67-8FF4-809B18C69BFB}.Debug|Any CPU.ActiveCfg = Debug|Any CPU
		{69EABF11-E139-4F67-8FF4-809B18C69BFB}.Debug|Any CPU.Build.0 = Debug|Any CPU
		{69EABF11-E139-4F67-8FF4-809B18C69BFB}.Release|Any CPU.ActiveCfg = Release|Any CPU
		{69EABF11-E139-4F67-8FF4-809B18C69BFB}.Release|Any CPU.Build.0 = Release|Any CPU
	EndGlobalSection
	GlobalSection(SolutionProperties) = preSolution
		HideSolutionNode = FALSE
	EndGlobalSection
	GlobalSection(ExtensibilityGlobals) = postSolution
		SolutionGuid = {60A79E04-950D-4D35-B043-63F6E7CCD0D4}
	EndGlobalSection
EndGlobal
